
Microsoft Visual Studio Solution File, Format Version 12.00
# Visual Studio Version 17
VisualStudioVersion = 17.0.31903.59
MinimumVisualStudioVersion = 10.0.40219.1
Project("{FAE04EC0-301F-11D3-BF4B-00C04F79EFBC}") = "APP", "APP\APP\APP.csproj", "{6DB96A1B-F644-43B7-8905-40EE5F1C27FF}"
EndProject
Project("{FAE04EC0-301F-11D3-BF4B-00C04F79EFBC}") = "BTC CORE", "BTC CORE\BTC CORE\BTC CORE.csproj", "{06A12626-C976-4E48-BF1C-694431F0D774}"
EndProject
Project("{FAE04EC0-301F-11D3-BF4B-00C04F79EFBC}") = "CORE", "CORE\CORE\CORE.csproj", "{84354AA7-96F3-48F9-A788-86BFF7010351}"
EndProject
Project("{FAE04EC0-301F-11D3-BF4B-00C04F79EFBC}") = "ETH CORE", "ETH CORE\ETH CORE\ETH CORE.csproj", "{FA61CA7F-6327-473F-A832-4C3E49EC62E0}"
EndProject
Project("{FAE04EC0-301F-11D3-BF4B-00C04F79EFBC}") = "Self Order", "APP\Self Order\Self Order.csproj", "{7C481751-7C03-4A25-AEC6-03CBC746C466}"
EndProject
Project("{FAE04EC0-301F-11D3-BF4B-00C04F79EFBC}") = "Self Query", "APP\Self Query\Self Query.csproj", "{B0D24683-12DB-431E-9D21-4347551CEFCA}"
EndProject
Project("{FAE04EC0-301F-11D3-BF4B-00C04F79EFBC}") = "Self Trade", "APP\Self Trade\Self Trade.csproj", "{37BBD3B6-A372-4ABF-97E5-52F6816A6A40}"
EndProject
Project("{FAE04EC0-301F-11D3-BF4B-00C04F79EFBC}") = "Auto Estimate", "CORE\Auto Estimate\Auto Estimate.csproj", "{5A42E254-D36C-46A8-8339-B2345C4C9B5D}"
EndProject
Project("{FAE04EC0-301F-11D3-BF4B-00C04F79EFBC}") = "Auto Invoice", "CORE\Auto Invoice\Auto Invoice.csproj", "{88E4E64D-B60E-42E6-AF13-66472185BB58}"
EndProject
Project("{FAE04EC0-301F-11D3-BF4B-00C04F79EFBC}") = "Auto Receipt", "CORE\Auto Receipt\Auto Receipt.csproj", "{F7FF33BF-CBFA-44D0-80BD-80D2BD917C74}"
EndProject
Project("{FAE04EC0-301F-11D3-BF4B-00C04F79EFBC}") = "Btc Auto Estimate", "BTC CORE\Btc Auto Estimate\Btc Auto Estimate.csproj", "{0A9EFEBA-F54C-4F08-AF5D-E1EB1B8B32D5}"
EndProject
Project("{FAE04EC0-301F-11D3-BF4B-00C04F79EFBC}") = "Btc Auto Invoice", "BTC CORE\Btc Auto Invoice\Btc Auto Invoice.csproj", "{3CCC9B77-24A1-4E95-ADB3-272C23F047C6}"
EndProject
Project("{FAE04EC0-301F-11D3-BF4B-00C04F79EFBC}") = "Btc Auto Receipt", "BTC CORE\Btc Auto Receipt\Btc Auto Receipt.csproj", "{FF5901E2-90D7-4F57-9444-74B8E9F0A95C}"
EndProject
Project("{FAE04EC0-301F-11D3-BF4B-00C04F79EFBC}") = "Eth Auto Estimate", "ETH CORE\Eth Auto Estimate\Eth Auto Estimate.csproj", "{CB3BEB39-03CF-4CC2-9747-41ABF875B560}"
EndProject
Project("{FAE04EC0-301F-11D3-BF4B-00C04F79EFBC}") = "Eth Auto Invoice", "ETH CORE\Eth Auto Invoice\Eth Auto Invoice.csproj", "{FD7C0E22-B32E-4943-BCD8-224AEF1AFF11}"
EndProject
Project("{FAE04EC0-301F-11D3-BF4B-00C04F79EFBC}") = "Eth Auto Receipt", "ETH CORE\Eth Auto Receipt\Eth Auto Receipt.csproj", "{669B4671-E513-480E-8D6C-9A0275280614}"
EndProject
Project("{FAE04EC0-301F-11D3-BF4B-00C04F79EFBC}") = "Console", "Console\Console.csproj", "{76F1FB01-0B0A-4523-8F57-E6FE453D8E93}"
EndProject
Global
	GlobalSection(SolutionConfigurationPlatforms) = preSolution
		Debug|Any CPU = Debug|Any CPU
		Release|Any CPU = Release|Any CPU
	EndGlobalSection
	GlobalSection(ProjectConfigurationPlatforms) = postSolution
		{6DB96A1B-F644-43B7-8905-40EE5F1C27FF}.Debug|Any CPU.ActiveCfg = Debug|Any CPU
		{6DB96A1B-F644-43B7-8905-40EE5F1C27FF}.Debug|Any CPU.Build.0 = Debug|Any CPU
		{6DB96A1B-F644-43B7-8905-40EE5F1C27FF}.Release|Any CPU.ActiveCfg = Release|Any CPU
		{6DB96A1B-F644-43B7-8905-40EE5F1C27FF}.Release|Any CPU.Build.0 = Release|Any CPU
		{06A12626-C976-4E48-BF1C-694431F0D774}.Debug|Any CPU.ActiveCfg = Debug|Any CPU
		{06A12626-C976-4E48-BF1C-694431F0D774}.Debug|Any CPU.Build.0 = Debug|Any CPU
		{06A12626-C976-4E48-BF1C-694431F0D774}.Release|Any CPU.ActiveCfg = Release|Any CPU
		{06A12626-C976-4E48-BF1C-694431F0D774}.Release|Any CPU.Build.0 = Release|Any CPU
		{84354AA7-96F3-48F9-A788-86BFF7010351}.Debug|Any CPU.ActiveCfg = Debug|Any CPU
		{84354AA7-96F3-48F9-A788-86BFF7010351}.Debug|Any CPU.Build.0 = Debug|Any CPU
		{84354AA7-96F3-48F9-A788-86BFF7010351}.Release|Any CPU.ActiveCfg = Release|Any CPU
		{84354AA7-96F3-48F9-A788-86BFF7010351}.Release|Any CPU.Build.0 = Release|Any CPU
		{FA61CA7F-6327-473F-A832-4C3E49EC62E0}.Debug|Any CPU.ActiveCfg = Debug|Any CPU
		{FA61CA7F-6327-473F-A832-4C3E49EC62E0}.Debug|Any CPU.Build.0 = Debug|Any CPU
		{FA61CA7F-6327-473F-A832-4C3E49EC62E0}.Release|Any CPU.ActiveCfg = Release|Any CPU
		{FA61CA7F-6327-473F-A832-4C3E49EC62E0}.Release|Any CPU.Build.0 = Release|Any CPU
		{7C481751-7C03-4A25-AEC6-03CBC746C466}.Debug|Any CPU.ActiveCfg = Debug|Any CPU
		{7C481751-7C03-4A25-AEC6-03CBC746C466}.Debug|Any CPU.Build.0 = Debug|Any CPU
		{7C481751-7C03-4A25-AEC6-03CBC746C466}.Release|Any CPU.ActiveCfg = Release|Any CPU
		{7C481751-7C03-4A25-AEC6-03CBC746C466}.Release|Any CPU.Build.0 = Release|Any CPU
		{B0D24683-12DB-431E-9D21-4347551CEFCA}.Debug|Any CPU.ActiveCfg = Debug|Any CPU
		{B0D24683-12DB-431E-9D21-4347551CEFCA}.Debug|Any CPU.Build.0 = Debug|Any CPU
		{B0D24683-12DB-431E-9D21-4347551CEFCA}.Release|Any CPU.ActiveCfg = Release|Any CPU
		{B0D24683-12DB-431E-9D21-4347551CEFCA}.Release|Any CPU.Build.0 = Release|Any CPU
		{37BBD3B6-A372-4ABF-97E5-52F6816A6A40}.Debug|Any CPU.ActiveCfg = Debug|Any CPU
		{37BBD3B6-A372-4ABF-97E5-52F6816A6A40}.Debug|Any CPU.Build.0 = Debug|Any CPU
		{37BBD3B6-A372-4ABF-97E5-52F6816A6A40}.Release|Any CPU.ActiveCfg = Release|Any CPU
		{37BBD3B6-A372-4ABF-97E5-52F6816A6A40}.Release|Any CPU.Build.0 = Release|Any CPU
		{5A42E254-D36C-46A8-8339-B2345C4C9B5D}.Debug|Any CPU.ActiveCfg = Debug|Any CPU
		{5A42E254-D36C-46A8-8339-B2345C4C9B5D}.Debug|Any CPU.Build.0 = Debug|Any CPU
		{5A42E254-D36C-46A8-8339-B2345C4C9B5D}.Release|Any CPU.ActiveCfg = Release|Any CPU
		{5A42E254-D36C-46A8-8339-B2345C4C9B5D}.Release|Any CPU.Build.0 = Release|Any CPU
		{88E4E64D-B60E-42E6-AF13-66472185BB58}.Debug|Any CPU.ActiveCfg = Debug|Any CPU
		{88E4E64D-B60E-42E6-AF13-66472185BB58}.Debug|Any CPU.Build.0 = Debug|Any CPU
		{88E4E64D-B60E-42E6-AF13-66472185BB58}.Release|Any CPU.ActiveCfg = Release|Any CPU
		{88E4E64D-B60E-42E6-AF13-66472185BB58}.Release|Any CPU.Build.0 = Release|Any CPU
		{F7FF33BF-CBFA-44D0-80BD-80D2BD917C74}.Debug|Any CPU.ActiveCfg = Debug|Any CPU
		{F7FF33BF-CBFA-44D0-80BD-80D2BD917C74}.Debug|Any CPU.Build.0 = Debug|Any CPU
		{F7FF33BF-CBFA-44D0-80BD-80D2BD917C74}.Release|Any CPU.ActiveCfg = Release|Any CPU
		{F7FF33BF-CBFA-44D0-80BD-80D2BD917C74}.Release|Any CPU.Build.0 = Release|Any CPU
		{0A9EFEBA-F54C-4F08-AF5D-E1EB1B8B32D5}.Debug|Any CPU.ActiveCfg = Debug|Any CPU
		{0A9EFEBA-F54C-4F08-AF5D-E1EB1B8B32D5}.Debug|Any CPU.Build.0 = Debug|Any CPU
		{0A9EFEBA-F54C-4F08-AF5D-E1EB1B8B32D5}.Release|Any CPU.ActiveCfg = Release|Any CPU
		{0A9EFEBA-F54C-4F08-AF5D-E1EB1B8B32D5}.Release|Any CPU.Build.0 = Release|Any CPU
		{3CCC9B77-24A1-4E95-ADB3-272C23F047C6}.Debug|Any CPU.ActiveCfg = Debug|Any CPU
		{3CCC9B77-24A1-4E95-ADB3-272C23F047C6}.Debug|Any CPU.Build.0 = Debug|Any CPU
		{3CCC9B77-24A1-4E95-ADB3-272C23F047C6}.Release|Any CPU.ActiveCfg = Release|Any CPU
		{3CCC9B77-24A1-4E95-ADB3-272C23F047C6}.Release|Any CPU.Build.0 = Release|Any CPU
		{FF5901E2-90D7-4F57-9444-74B8E9F0A95C}.Debug|Any CPU.ActiveCfg = Debug|Any CPU
		{FF5901E2-90D7-4F57-9444-74B8E9F0A95C}.Debug|Any CPU.Build.0 = Debug|Any CPU
		{FF5901E2-90D7-4F57-9444-74B8E9F0A95C}.Release|Any CPU.ActiveCfg = Release|Any CPU
		{FF5901E2-90D7-4F57-9444-74B8E9F0A95C}.Release|Any CPU.Build.0 = Release|Any CPU
		{CB3BEB39-03CF-4CC2-9747-41ABF875B560}.Debug|Any CPU.ActiveCfg = Debug|Any CPU
		{CB3BEB39-03CF-4CC2-9747-41ABF875B560}.Debug|Any CPU.Build.0 = Debug|Any CPU
		{CB3BEB39-03CF-4CC2-9747-41ABF875B560}.Release|Any CPU.ActiveCfg = Release|Any CPU
		{CB3BEB39-03CF-4CC2-9747-41ABF875B560}.Release|Any CPU.Build.0 = Release|Any CPU
		{FD7C0E22-B32E-4943-BCD8-224AEF1AFF11}.Debug|Any CPU.ActiveCfg = Debug|Any CPU
		{FD7C0E22-B32E-4943-BCD8-224AEF1AFF11}.Debug|Any CPU.Build.0 = Debug|Any CPU
		{FD7C0E22-B32E-4943-BCD8-224AEF1AFF11}.Release|Any CPU.ActiveCfg = Release|Any CPU
		{FD7C0E22-B32E-4943-BCD8-224AEF1AFF11}.Release|Any CPU.Build.0 = Release|Any CPU
		{669B4671-E513-480E-8D6C-9A0275280614}.Debug|Any CPU.ActiveCfg = Debug|Any CPU
		{669B4671-E513-480E-8D6C-9A0275280614}.Debug|Any CPU.Build.0 = Debug|Any CPU
		{669B4671-E513-480E-8D6C-9A0275280614}.Release|Any CPU.ActiveCfg = Release|Any CPU
		{669B4671-E513-480E-8D6C-9A0275280614}.Release|Any CPU.Build.0 = Release|Any CPU
		{76F1FB01-0B0A-4523-8F57-E6FE453D8E93}.Debug|Any CPU.ActiveCfg = Debug|Any CPU
		{76F1FB01-0B0A-4523-8F57-E6FE453D8E93}.Debug|Any CPU.Build.0 = Debug|Any CPU
		{76F1FB01-0B0A-4523-8F57-E6FE453D8E93}.Release|Any CPU.ActiveCfg = Release|Any CPU
		{76F1FB01-0B0A-4523-8F57-E6FE453D8E93}.Release|Any CPU.Build.0 = Release|Any CPU
	EndGlobalSection
	GlobalSection(SolutionProperties) = preSolution
		HideSolutionNode = FALSE
	EndGlobalSection
EndGlobal
