
Microsoft Visual Studio Solution File, Format Version 12.00
# Visual Studio Version 16
VisualStudioVersion = 25.0.1705.2
MinimumVisualStudioVersion = 10.0.40219.1
Project("{FAE04EC0-301F-11D3-BF4B-00C04F79EFBC}") = "swopblock", "swop\swopblock.csproj", "{45D3722E-0B1E-4BBF-A7BB-E835232C4264}"
EndProject
Project("{FAE04EC0-301F-11D3-BF4B-00C04F79EFBC}") = "tests", "tests\tests.csproj", "{06C44504-5E09-4BC1-B1C2-D5CC9844D482}"
EndProject
Project("{FAE04EC0-301F-11D3-BF4B-00C04F79EFBC}") = "Foundation", "Foundation\Foundation.csproj", "{259F2039-0624-49B4-A1C0-6F4837274169}"
EndProject
Global
	GlobalSection(SolutionConfigurationPlatforms) = preSolution
		Debug|Any CPU = Debug|Any CPU
		Release|Any CPU = Release|Any CPU
	EndGlobalSection
	GlobalSection(ProjectConfigurationPlatforms) = postSolution
		{45D3722E-0B1E-4BBF-A7BB-E835232C4264}.Debug|Any CPU.ActiveCfg = Debug|Any CPU
		{45D3722E-0B1E-4BBF-A7BB-E835232C4264}.Debug|Any CPU.Build.0 = Debug|Any CPU
		{45D3722E-0B1E-4BBF-A7BB-E835232C4264}.Release|Any CPU.ActiveCfg = Release|Any CPU
		{45D3722E-0B1E-4BBF-A7BB-E835232C4264}.Release|Any CPU.Build.0 = Release|Any CPU
		{06C44504-5E09-4BC1-B1C2-D5CC9844D482}.Debug|Any CPU.ActiveCfg = Debug|Any CPU
		{06C44504-5E09-4BC1-B1C2-D5CC9844D482}.Debug|Any CPU.Build.0 = Debug|Any CPU
		{06C44504-5E09-4BC1-B1C2-D5CC9844D482}.Release|Any CPU.ActiveCfg = Release|Any CPU
		{06C44504-5E09-4BC1-B1C2-D5CC9844D482}.Release|Any CPU.Build.0 = Release|Any CPU
		{259F2039-0624-49B4-A1C0-6F4837274169}.Debug|Any CPU.ActiveCfg = Debug|Any CPU
		{259F2039-0624-49B4-A1C0-6F4837274169}.Debug|Any CPU.Build.0 = Debug|Any CPU
		{259F2039-0624-49B4-A1C0-6F4837274169}.Release|Any CPU.ActiveCfg = Release|Any CPU
		{259F2039-0624-49B4-A1C0-6F4837274169}.Release|Any CPU.Build.0 = Release|Any CPU
	EndGlobalSection
	GlobalSection(SolutionProperties) = preSolution
		HideSolutionNode = FALSE
	EndGlobalSection
	GlobalSection(ExtensibilityGlobals) = postSolution
		SolutionGuid = {FA160899-6E68-42DC-A37E-D62337D64A12}
	EndGlobalSection
EndGlobal
