
Microsoft Visual Studio Solution File, Format Version 12.00
# Visual Studio Version 16
VisualStudioVersion = 16.0.31019.35
MinimumVisualStudioVersion = 10.0.40219.1
Project("{FAE04EC0-301F-11D3-BF4B-00C04F79EFBC}") = "swopblock.UWP", "swopblock\swopblock.UWP\swopblock.UWP.csproj", "{F412C94D-6264-489B-A22B-CF7D03855374}"
EndProject
Project("{FAE04EC0-301F-11D3-BF4B-00C04F79EFBC}") = "swopblock.Android", "swopblock\swopblock.Android\swopblock.Android.csproj", "{2A46EFCC-D287-4768-BB81-C21FA7EB53A2}"
EndProject
Project("{FAE04EC0-301F-11D3-BF4B-00C04F79EFBC}") = "swopblock.iOS", "swopblock\swopblock.iOS\swopblock.iOS.csproj", "{CB8F2EFD-671A-4FA7-844C-73BB33EEACD5}"
EndProject
Project("{FAE04EC0-301F-11D3-BF4B-00C04F79EFBC}") = "swopblock", "swopblock\swopblock\swopblock.csproj", "{A3BE0999-C5E4-47FA-B4FF-1F78F0AF5A75}"
EndProject
Global
	GlobalSection(SolutionConfigurationPlatforms) = preSolution
		Debug|Any CPU = Debug|Any CPU
		Debug|ARM = Debug|ARM
		Debug|iPhone = Debug|iPhone
		Debug|iPhoneSimulator = Debug|iPhoneSimulator
		Debug|x64 = Debug|x64
		Debug|x86 = Debug|x86
		Release|Any CPU = Release|Any CPU
		Release|ARM = Release|ARM
		Release|iPhone = Release|iPhone
		Release|iPhoneSimulator = Release|iPhoneSimulator
		Release|x64 = Release|x64
		Release|x86 = Release|x86
	EndGlobalSection
	GlobalSection(ProjectConfigurationPlatforms) = postSolution
		{F412C94D-6264-489B-A22B-CF7D03855374}.Debug|Any CPU.ActiveCfg = Debug|x86
		{F412C94D-6264-489B-A22B-CF7D03855374}.Debug|Any CPU.Build.0 = Debug|x86
		{F412C94D-6264-489B-A22B-CF7D03855374}.Debug|Any CPU.Deploy.0 = Debug|x86
		{F412C94D-6264-489B-A22B-CF7D03855374}.Debug|ARM.ActiveCfg = Debug|ARM
		{F412C94D-6264-489B-A22B-CF7D03855374}.Debug|ARM.Build.0 = Debug|ARM
		{F412C94D-6264-489B-A22B-CF7D03855374}.Debug|ARM.Deploy.0 = Debug|ARM
		{F412C94D-6264-489B-A22B-CF7D03855374}.Debug|iPhone.ActiveCfg = Debug|x86
		{F412C94D-6264-489B-A22B-CF7D03855374}.Debug|iPhone.Build.0 = Debug|x86
		{F412C94D-6264-489B-A22B-CF7D03855374}.Debug|iPhone.Deploy.0 = Debug|x86
		{F412C94D-6264-489B-A22B-CF7D03855374}.Debug|iPhoneSimulator.ActiveCfg = Debug|x86
		{F412C94D-6264-489B-A22B-CF7D03855374}.Debug|iPhoneSimulator.Build.0 = Debug|x86
		{F412C94D-6264-489B-A22B-CF7D03855374}.Debug|iPhoneSimulator.Deploy.0 = Debug|x86
		{F412C94D-6264-489B-A22B-CF7D03855374}.Debug|x64.ActiveCfg = Debug|x64
		{F412C94D-6264-489B-A22B-CF7D03855374}.Debug|x64.Build.0 = Debug|x64
		{F412C94D-6264-489B-A22B-CF7D03855374}.Debug|x64.Deploy.0 = Debug|x64
		{F412C94D-6264-489B-A22B-CF7D03855374}.Debug|x86.ActiveCfg = Debug|x86
		{F412C94D-6264-489B-A22B-CF7D03855374}.Debug|x86.Build.0 = Debug|x86
		{F412C94D-6264-489B-A22B-CF7D03855374}.Debug|x86.Deploy.0 = Debug|x86
		{F412C94D-6264-489B-A22B-CF7D03855374}.Release|Any CPU.ActiveCfg = Release|x86
		{F412C94D-6264-489B-A22B-CF7D03855374}.Release|Any CPU.Build.0 = Release|x86
		{F412C94D-6264-489B-A22B-CF7D03855374}.Release|Any CPU.Deploy.0 = Release|x86
		{F412C94D-6264-489B-A22B-CF7D03855374}.Release|ARM.ActiveCfg = Release|ARM
		{F412C94D-6264-489B-A22B-CF7D03855374}.Release|ARM.Build.0 = Release|ARM
		{F412C94D-6264-489B-A22B-CF7D03855374}.Release|ARM.Deploy.0 = Release|ARM
		{F412C94D-6264-489B-A22B-CF7D03855374}.Release|iPhone.ActiveCfg = Release|x86
		{F412C94D-6264-489B-A22B-CF7D03855374}.Release|iPhone.Build.0 = Release|x86
		{F412C94D-6264-489B-A22B-CF7D03855374}.Release|iPhone.Deploy.0 = Release|x86
		{F412C94D-6264-489B-A22B-CF7D03855374}.Release|iPhoneSimulator.ActiveCfg = Release|x86
		{F412C94D-6264-489B-A22B-CF7D03855374}.Release|iPhoneSimulator.Build.0 = Release|x86
		{F412C94D-6264-489B-A22B-CF7D03855374}.Release|iPhoneSimulator.Deploy.0 = Release|x86
		{F412C94D-6264-489B-A22B-CF7D03855374}.Release|x64.ActiveCfg = Release|x64
		{F412C94D-6264-489B-A22B-CF7D03855374}.Release|x64.Build.0 = Release|x64
		{F412C94D-6264-489B-A22B-CF7D03855374}.Release|x64.Deploy.0 = Release|x64
		{F412C94D-6264-489B-A22B-CF7D03855374}.Release|x86.ActiveCfg = Release|x86
		{F412C94D-6264-489B-A22B-CF7D03855374}.Release|x86.Build.0 = Release|x86
		{F412C94D-6264-489B-A22B-CF7D03855374}.Release|x86.Deploy.0 = Release|x86
		{2A46EFCC-D287-4768-BB81-C21FA7EB53A2}.Debug|Any CPU.ActiveCfg = Debug|Any CPU
		{2A46EFCC-D287-4768-BB81-C21FA7EB53A2}.Debug|Any CPU.Build.0 = Debug|Any CPU
		{2A46EFCC-D287-4768-BB81-C21FA7EB53A2}.Debug|Any CPU.Deploy.0 = Debug|Any CPU
		{2A46EFCC-D287-4768-BB81-C21FA7EB53A2}.Debug|ARM.ActiveCfg = Debug|Any CPU
		{2A46EFCC-D287-4768-BB81-C21FA7EB53A2}.Debug|ARM.Build.0 = Debug|Any CPU
		{2A46EFCC-D287-4768-BB81-C21FA7EB53A2}.Debug|ARM.Deploy.0 = Debug|Any CPU
		{2A46EFCC-D287-4768-BB81-C21FA7EB53A2}.Debug|iPhone.ActiveCfg = Debug|Any CPU
		{2A46EFCC-D287-4768-BB81-C21FA7EB53A2}.Debug|iPhone.Build.0 = Debug|Any CPU
		{2A46EFCC-D287-4768-BB81-C21FA7EB53A2}.Debug|iPhone.Deploy.0 = Debug|Any CPU
		{2A46EFCC-D287-4768-BB81-C21FA7EB53A2}.Debug|iPhoneSimulator.ActiveCfg = Debug|Any CPU
		{2A46EFCC-D287-4768-BB81-C21FA7EB53A2}.Debug|iPhoneSimulator.Build.0 = Debug|Any CPU
		{2A46EFCC-D287-4768-BB81-C21FA7EB53A2}.Debug|iPhoneSimulator.Deploy.0 = Debug|Any CPU
		{2A46EFCC-D287-4768-BB81-C21FA7EB53A2}.Debug|x64.ActiveCfg = Debug|Any CPU
		{2A46EFCC-D287-4768-BB81-C21FA7EB53A2}.Debug|x64.Build.0 = Debug|Any CPU
		{2A46EFCC-D287-4768-BB81-C21FA7EB53A2}.Debug|x64.Deploy.0 = Debug|Any CPU
		{2A46EFCC-D287-4768-BB81-C21FA7EB53A2}.Debug|x86.ActiveCfg = Debug|Any CPU
		{2A46EFCC-D287-4768-BB81-C21FA7EB53A2}.Debug|x86.Build.0 = Debug|Any CPU
		{2A46EFCC-D287-4768-BB81-C21FA7EB53A2}.Debug|x86.Deploy.0 = Debug|Any CPU
		{2A46EFCC-D287-4768-BB81-C21FA7EB53A2}.Release|Any CPU.ActiveCfg = Release|Any CPU
		{2A46EFCC-D287-4768-BB81-C21FA7EB53A2}.Release|Any CPU.Build.0 = Release|Any CPU
		{2A46EFCC-D287-4768-BB81-C21FA7EB53A2}.Release|Any CPU.Deploy.0 = Release|Any CPU
		{2A46EFCC-D287-4768-BB81-C21FA7EB53A2}.Release|ARM.ActiveCfg = Release|Any CPU
		{2A46EFCC-D287-4768-BB81-C21FA7EB53A2}.Release|ARM.Build.0 = Release|Any CPU
		{2A46EFCC-D287-4768-BB81-C21FA7EB53A2}.Release|ARM.Deploy.0 = Release|Any CPU
		{2A46EFCC-D287-4768-BB81-C21FA7EB53A2}.Release|iPhone.ActiveCfg = Release|Any CPU
		{2A46EFCC-D287-4768-BB81-C21FA7EB53A2}.Release|iPhone.Build.0 = Release|Any CPU
		{2A46EFCC-D287-4768-BB81-C21FA7EB53A2}.Release|iPhone.Deploy.0 = Release|Any CPU
		{2A46EFCC-D287-4768-BB81-C21FA7EB53A2}.Release|iPhoneSimulator.ActiveCfg = Release|Any CPU
		{2A46EFCC-D287-4768-BB81-C21FA7EB53A2}.Release|iPhoneSimulator.Build.0 = Release|Any CPU
		{2A46EFCC-D287-4768-BB81-C21FA7EB53A2}.Release|iPhoneSimulator.Deploy.0 = Release|Any CPU
		{2A46EFCC-D287-4768-BB81-C21FA7EB53A2}.Release|x64.ActiveCfg = Release|Any CPU
		{2A46EFCC-D287-4768-BB81-C21FA7EB53A2}.Release|x64.Build.0 = Release|Any CPU
		{2A46EFCC-D287-4768-BB81-C21FA7EB53A2}.Release|x64.Deploy.0 = Release|Any CPU
		{2A46EFCC-D287-4768-BB81-C21FA7EB53A2}.Release|x86.ActiveCfg = Release|Any CPU
		{2A46EFCC-D287-4768-BB81-C21FA7EB53A2}.Release|x86.Build.0 = Release|Any CPU
		{2A46EFCC-D287-4768-BB81-C21FA7EB53A2}.Release|x86.Deploy.0 = Release|Any CPU
		{CB8F2EFD-671A-4FA7-844C-73BB33EEACD5}.Debug|Any CPU.ActiveCfg = Debug|iPhoneSimulator
		{CB8F2EFD-671A-4FA7-844C-73BB33EEACD5}.Debug|Any CPU.Build.0 = Debug|iPhoneSimulator
		{CB8F2EFD-671A-4FA7-844C-73BB33EEACD5}.Debug|Any CPU.Deploy.0 = Debug|iPhoneSimulator
		{CB8F2EFD-671A-4FA7-844C-73BB33EEACD5}.Debug|ARM.ActiveCfg = Debug|iPhone
		{CB8F2EFD-671A-4FA7-844C-73BB33EEACD5}.Debug|ARM.Build.0 = Debug|iPhone
		{CB8F2EFD-671A-4FA7-844C-73BB33EEACD5}.Debug|ARM.Deploy.0 = Debug|iPhone
		{CB8F2EFD-671A-4FA7-844C-73BB33EEACD5}.Debug|iPhone.ActiveCfg = Debug|iPhone
		{CB8F2EFD-671A-4FA7-844C-73BB33EEACD5}.Debug|iPhone.Build.0 = Debug|iPhone
		{CB8F2EFD-671A-4FA7-844C-73BB33EEACD5}.Debug|iPhone.Deploy.0 = Debug|iPhone
		{CB8F2EFD-671A-4FA7-844C-73BB33EEACD5}.Debug|iPhoneSimulator.ActiveCfg = Debug|iPhoneSimulator
		{CB8F2EFD-671A-4FA7-844C-73BB33EEACD5}.Debug|iPhoneSimulator.Build.0 = Debug|iPhoneSimulator
		{CB8F2EFD-671A-4FA7-844C-73BB33EEACD5}.Debug|iPhoneSimulator.Deploy.0 = Debug|iPhoneSimulator
		{CB8F2EFD-671A-4FA7-844C-73BB33EEACD5}.Debug|x64.ActiveCfg = Debug|iPhoneSimulator
		{CB8F2EFD-671A-4FA7-844C-73BB33EEACD5}.Debug|x64.Build.0 = Debug|iPhoneSimulator
		{CB8F2EFD-671A-4FA7-844C-73BB33EEACD5}.Debug|x64.Deploy.0 = Debug|iPhoneSimulator
		{CB8F2EFD-671A-4FA7-844C-73BB33EEACD5}.Debug|x86.ActiveCfg = Debug|iPhoneSimulator
		{CB8F2EFD-671A-4FA7-844C-73BB33EEACD5}.Debug|x86.Build.0 = Debug|iPhoneSimulator
		{CB8F2EFD-671A-4FA7-844C-73BB33EEACD5}.Debug|x86.Deploy.0 = Debug|iPhoneSimulator
		{CB8F2EFD-671A-4FA7-844C-73BB33EEACD5}.Release|Any CPU.ActiveCfg = Release|iPhoneSimulator
		{CB8F2EFD-671A-4FA7-844C-73BB33EEACD5}.Release|Any CPU.Build.0 = Release|iPhoneSimulator
		{CB8F2EFD-671A-4FA7-844C-73BB33EEACD5}.Release|Any CPU.Deploy.0 = Release|iPhoneSimulator
		{CB8F2EFD-671A-4FA7-844C-73BB33EEACD5}.Release|ARM.ActiveCfg = Release|iPhoneSimulator
		{CB8F2EFD-671A-4FA7-844C-73BB33EEACD5}.Release|ARM.Build.0 = Release|iPhoneSimulator
		{CB8F2EFD-671A-4FA7-844C-73BB33EEACD5}.Release|ARM.Deploy.0 = Release|iPhoneSimulator
		{CB8F2EFD-671A-4FA7-844C-73BB33EEACD5}.Release|iPhone.ActiveCfg = Release|iPhone
		{CB8F2EFD-671A-4FA7-844C-73BB33EEACD5}.Release|iPhone.Build.0 = Release|iPhone
		{CB8F2EFD-671A-4FA7-844C-73BB33EEACD5}.Release|iPhone.Deploy.0 = Release|iPhone
		{CB8F2EFD-671A-4FA7-844C-73BB33EEACD5}.Release|iPhoneSimulator.ActiveCfg = Release|iPhoneSimulator
		{CB8F2EFD-671A-4FA7-844C-73BB33EEACD5}.Release|iPhoneSimulator.Build.0 = Release|iPhoneSimulator
		{CB8F2EFD-671A-4FA7-844C-73BB33EEACD5}.Release|iPhoneSimulator.Deploy.0 = Release|iPhoneSimulator
		{CB8F2EFD-671A-4FA7-844C-73BB33EEACD5}.Release|x64.ActiveCfg = Release|iPhoneSimulator
		{CB8F2EFD-671A-4FA7-844C-73BB33EEACD5}.Release|x64.Build.0 = Release|iPhoneSimulator
		{CB8F2EFD-671A-4FA7-844C-73BB33EEACD5}.Release|x64.Deploy.0 = Release|iPhoneSimulator
		{CB8F2EFD-671A-4FA7-844C-73BB33EEACD5}.Release|x86.ActiveCfg = Release|iPhoneSimulator
		{CB8F2EFD-671A-4FA7-844C-73BB33EEACD5}.Release|x86.Build.0 = Release|iPhoneSimulator
		{CB8F2EFD-671A-4FA7-844C-73BB33EEACD5}.Release|x86.Deploy.0 = Release|iPhoneSimulator
		{A3BE0999-C5E4-47FA-B4FF-1F78F0AF5A75}.Debug|Any CPU.ActiveCfg = Debug|Any CPU
		{A3BE0999-C5E4-47FA-B4FF-1F78F0AF5A75}.Debug|Any CPU.Build.0 = Debug|Any CPU
		{A3BE0999-C5E4-47FA-B4FF-1F78F0AF5A75}.Debug|Any CPU.Deploy.0 = Debug|Any CPU
		{A3BE0999-C5E4-47FA-B4FF-1F78F0AF5A75}.Debug|ARM.ActiveCfg = Debug|Any CPU
		{A3BE0999-C5E4-47FA-B4FF-1F78F0AF5A75}.Debug|ARM.Build.0 = Debug|Any CPU
		{A3BE0999-C5E4-47FA-B4FF-1F78F0AF5A75}.Debug|ARM.Deploy.0 = Debug|Any CPU
		{A3BE0999-C5E4-47FA-B4FF-1F78F0AF5A75}.Debug|iPhone.ActiveCfg = Debug|Any CPU
		{A3BE0999-C5E4-47FA-B4FF-1F78F0AF5A75}.Debug|iPhone.Build.0 = Debug|Any CPU
		{A3BE0999-C5E4-47FA-B4FF-1F78F0AF5A75}.Debug|iPhone.Deploy.0 = Debug|Any CPU
		{A3BE0999-C5E4-47FA-B4FF-1F78F0AF5A75}.Debug|iPhoneSimulator.ActiveCfg = Debug|Any CPU
		{A3BE0999-C5E4-47FA-B4FF-1F78F0AF5A75}.Debug|iPhoneSimulator.Build.0 = Debug|Any CPU
		{A3BE0999-C5E4-47FA-B4FF-1F78F0AF5A75}.Debug|iPhoneSimulator.Deploy.0 = Debug|Any CPU
		{A3BE0999-C5E4-47FA-B4FF-1F78F0AF5A75}.Debug|x64.ActiveCfg = Debug|Any CPU
		{A3BE0999-C5E4-47FA-B4FF-1F78F0AF5A75}.Debug|x64.Build.0 = Debug|Any CPU
		{A3BE0999-C5E4-47FA-B4FF-1F78F0AF5A75}.Debug|x64.Deploy.0 = Debug|Any CPU
		{A3BE0999-C5E4-47FA-B4FF-1F78F0AF5A75}.Debug|x86.ActiveCfg = Debug|Any CPU
		{A3BE0999-C5E4-47FA-B4FF-1F78F0AF5A75}.Debug|x86.Build.0 = Debug|Any CPU
		{A3BE0999-C5E4-47FA-B4FF-1F78F0AF5A75}.Debug|x86.Deploy.0 = Debug|Any CPU
		{A3BE0999-C5E4-47FA-B4FF-1F78F0AF5A75}.Release|Any CPU.ActiveCfg = Release|Any CPU
		{A3BE0999-C5E4-47FA-B4FF-1F78F0AF5A75}.Release|Any CPU.Build.0 = Release|Any CPU
		{A3BE0999-C5E4-47FA-B4FF-1F78F0AF5A75}.Release|Any CPU.Deploy.0 = Release|Any CPU
		{A3BE0999-C5E4-47FA-B4FF-1F78F0AF5A75}.Release|ARM.ActiveCfg = Release|Any CPU
		{A3BE0999-C5E4-47FA-B4FF-1F78F0AF5A75}.Release|ARM.Build.0 = Release|Any CPU
		{A3BE0999-C5E4-47FA-B4FF-1F78F0AF5A75}.Release|ARM.Deploy.0 = Release|Any CPU
		{A3BE0999-C5E4-47FA-B4FF-1F78F0AF5A75}.Release|iPhone.ActiveCfg = Release|Any CPU
		{A3BE0999-C5E4-47FA-B4FF-1F78F0AF5A75}.Release|iPhone.Build.0 = Release|Any CPU
		{A3BE0999-C5E4-47FA-B4FF-1F78F0AF5A75}.Release|iPhone.Deploy.0 = Release|Any CPU
		{A3BE0999-C5E4-47FA-B4FF-1F78F0AF5A75}.Release|iPhoneSimulator.ActiveCfg = Release|Any CPU
		{A3BE0999-C5E4-47FA-B4FF-1F78F0AF5A75}.Release|iPhoneSimulator.Build.0 = Release|Any CPU
		{A3BE0999-C5E4-47FA-B4FF-1F78F0AF5A75}.Release|iPhoneSimulator.Deploy.0 = Release|Any CPU
		{A3BE0999-C5E4-47FA-B4FF-1F78F0AF5A75}.Release|x64.ActiveCfg = Release|Any CPU
		{A3BE0999-C5E4-47FA-B4FF-1F78F0AF5A75}.Release|x64.Build.0 = Release|Any CPU
		{A3BE0999-C5E4-47FA-B4FF-1F78F0AF5A75}.Release|x64.Deploy.0 = Release|Any CPU
		{A3BE0999-C5E4-47FA-B4FF-1F78F0AF5A75}.Release|x86.ActiveCfg = Release|Any CPU
		{A3BE0999-C5E4-47FA-B4FF-1F78F0AF5A75}.Release|x86.Build.0 = Release|Any CPU
		{A3BE0999-C5E4-47FA-B4FF-1F78F0AF5A75}.Release|x86.Deploy.0 = Release|Any CPU
	EndGlobalSection
	GlobalSection(SolutionProperties) = preSolution
		HideSolutionNode = FALSE
	EndGlobalSection
	GlobalSection(ExtensibilityGlobals) = postSolution
		SolutionGuid = {90A031AC-1E1B-4EA5-98A4-C9CCA7F9B9AB}
	EndGlobalSection
EndGlobal
