
Microsoft Visual Studio Solution File, Format Version 12.00
# Visual Studio Version 17
VisualStudioVersion = 17.12.35506.116
MinimumVisualStudioVersion = 10.0.40219.1
Project("{FAE04EC0-301F-11D3-BF4B-00C04F79EFBC}") = "BTC CORE", "BTC CORE\BTC CORE.csproj", "{F9866031-876F-4E19-9FFD-92C1E3699D16}"
EndProject
Project("{FAE04EC0-301F-11D3-BF4B-00C04F79EFBC}") = "Btc Auto Invoice", "Btc Auto Invoice\Btc Auto Invoice.csproj", "{376731C6-6D42-4C51-8CB9-F5364D8DC81D}"
EndProject
Project("{FAE04EC0-301F-11D3-BF4B-00C04F79EFBC}") = "Btc Auto Receipt", "Btc Auto Receipt\Btc Auto Receipt.csproj", "{BA8B07A2-5FE1-492D-A17A-73B4AF52401E}"
EndProject
Project("{FAE04EC0-301F-11D3-BF4B-00C04F79EFBC}") = "Btc Auto Estimate", "Btc Auto Estimate\Btc Auto Estimate.csproj", "{D9D06062-E4ED-4E28-A388-53DA4BF5E906}"
EndProject
Global
	GlobalSection(SolutionConfigurationPlatforms) = preSolution
		Debug|Any CPU = Debug|Any CPU
		Release|Any CPU = Release|Any CPU
	EndGlobalSection
	GlobalSection(ProjectConfigurationPlatforms) = postSolution
		{F9866031-876F-4E19-9FFD-92C1E3699D16}.Debug|Any CPU.ActiveCfg = Debug|Any CPU
		{F9866031-876F-4E19-9FFD-92C1E3699D16}.Debug|Any CPU.Build.0 = Debug|Any CPU
		{F9866031-876F-4E19-9FFD-92C1E3699D16}.Release|Any CPU.ActiveCfg = Release|Any CPU
		{F9866031-876F-4E19-9FFD-92C1E3699D16}.Release|Any CPU.Build.0 = Release|Any CPU
		{376731C6-6D42-4C51-8CB9-F5364D8DC81D}.Debug|Any CPU.ActiveCfg = Debug|Any CPU
		{376731C6-6D42-4C51-8CB9-F5364D8DC81D}.Debug|Any CPU.Build.0 = Debug|Any CPU
		{376731C6-6D42-4C51-8CB9-F5364D8DC81D}.Release|Any CPU.ActiveCfg = Release|Any CPU
		{376731C6-6D42-4C51-8CB9-F5364D8DC81D}.Release|Any CPU.Build.0 = Release|Any CPU
		{BA8B07A2-5FE1-492D-A17A-73B4AF52401E}.Debug|Any CPU.ActiveCfg = Debug|Any CPU
		{BA8B07A2-5FE1-492D-A17A-73B4AF52401E}.Debug|Any CPU.Build.0 = Debug|Any CPU
		{BA8B07A2-5FE1-492D-A17A-73B4AF52401E}.Release|Any CPU.ActiveCfg = Release|Any CPU
		{BA8B07A2-5FE1-492D-A17A-73B4AF52401E}.Release|Any CPU.Build.0 = Release|Any CPU
		{D9D06062-E4ED-4E28-A388-53DA4BF5E906}.Debug|Any CPU.ActiveCfg = Debug|Any CPU
		{D9D06062-E4ED-4E28-A388-53DA4BF5E906}.Debug|Any CPU.Build.0 = Debug|Any CPU
		{D9D06062-E4ED-4E28-A388-53DA4BF5E906}.Release|Any CPU.ActiveCfg = Release|Any CPU
		{D9D06062-E4ED-4E28-A388-53DA4BF5E906}.Release|Any CPU.Build.0 = Release|Any CPU
	EndGlobalSection
	GlobalSection(SolutionProperties) = preSolution
		HideSolutionNode = FALSE
	EndGlobalSection
EndGlobal
